// !$*UTF8*$!
{
	archiveVersion = 1;
	classes = {
	};
	objectVersion = 46;
	objects = {

/* Begin PBXBuildFile section */
		DF97E0861AAC146D00046135 /* main.m in Sources */ = {isa = PBXBuildFile; fileRef = DF97E0851AAC146D00046135 /* main.m */; };
		DF97E0891AAC146D00046135 /* AppDelegate.m in Sources */ = {isa = PBXBuildFile; fileRef = DF97E0881AAC146D00046135 /* AppDelegate.m */; };
		DF97E08C1AAC146D00046135 /* MasterViewController.m in Sources */ = {isa = PBXBuildFile; fileRef = DF97E08B1AAC146D00046135 /* MasterViewController.m */; };
		DF97E08F1AAC146D00046135 /* DetailViewController.m in Sources */ = {isa = PBXBuildFile; fileRef = DF97E08E1AAC146D00046135 /* DetailViewController.m */; };
		DF97E0921AAC146D00046135 /* Main.storyboard in Resources */ = {isa = PBXBuildFile; fileRef = DF97E0901AAC146D00046135 /* Main.storyboard */; };
		DF97E0941AAC146D00046135 /* Images.xcassets in Resources */ = {isa = PBXBuildFile; fileRef = DF97E0931AAC146D00046135 /* Images.xcassets */; };
		DF97E0971AAC146D00046135 /* LaunchScreen.xib in Resources */ = {isa = PBXBuildFile; fileRef = DF97E0951AAC146D00046135 /* LaunchScreen.xib */; };
		DF97E0A31AAC146E00046135 /* WrrantyMemoTests.m in Sources */ = {isa = PBXBuildFile; fileRef = DF97E0A21AAC146E00046135 /* WrrantyMemoTests.m */; };
/* End PBXBuildFile section */

/* Begin PBXContainerItemProxy section */
		DF97E09D1AAC146E00046135 /* PBXContainerItemProxy */ = {
			isa = PBXContainerItemProxy;
			containerPortal = DF97E0781AAC146D00046135 /* Project object */;
			proxyType = 1;
			remoteGlobalIDString = DF97E07F1AAC146D00046135;
			remoteInfo = WrrantyMemo;
		};
/* End PBXContainerItemProxy section */

/* Begin PBXFileReference section */
		DF97E0801AAC146D00046135 /* WrrantyMemo.app */ = {isa = PBXFileReference; explicitFileType = wrapper.application; includeInIndex = 0; path = WrrantyMemo.app; sourceTree = BUILT_PRODUCTS_DIR; };
		DF97E0841AAC146D00046135 /* Info.plist */ = {isa = PBXFileReference; lastKnownFileType = text.plist.xml; path = Info.plist; sourceTree = "<group>"; };
		DF97E0851AAC146D00046135 /* main.m */ = {isa = PBXFileReference; lastKnownFileType = sourcecode.c.objc; path = main.m; sourceTree = "<group>"; };
		DF97E0871AAC146D00046135 /* AppDelegate.h */ = {isa = PBXFileReference; lastKnownFileType = sourcecode.c.h; path = AppDelegate.h; sourceTree = "<group>"; };
		DF97E0881AAC146D00046135 /* AppDelegate.m */ = {isa = PBXFileReference; lastKnownFileType = sourcecode.c.objc; path = AppDelegate.m; sourceTree = "<group>"; };
		DF97E08A1AAC146D00046135 /* MasterViewController.h */ = {isa = PBXFileReference; lastKnownFileType = sourcecode.c.h; path = MasterViewController.h; sourceTree = "<group>"; };
		DF97E08B1AAC146D00046135 /* MasterViewController.m */ = {isa = PBXFileReference; lastKnownFileType = sourcecode.c.objc; path = MasterViewController.m; sourceTree = "<group>"; };
		DF97E08D1AAC146D00046135 /* DetailViewController.h */ = {isa = PBXFileReference; lastKnownFileType = sourcecode.c.h; path = DetailViewController.h; sourceTree = "<group>"; };
		DF97E08E1AAC146D00046135 /* DetailViewController.m */ = {isa = PBXFileReference; lastKnownFileType = sourcecode.c.objc; path = DetailViewController.m; sourceTree = "<group>"; };
		DF97E0911AAC146D00046135 /* Base */ = {isa = PBXFileReference; lastKnownFileType = file.storyboard; name = Base; path = Base.lproj/Main.storyboard; sourceTree = "<group>"; };
		DF97E0931AAC146D00046135 /* Images.xcassets */ = {isa = PBXFileReference; lastKnownFileType = folder.assetcatalog; path = Images.xcassets; sourceTree = "<group>"; };
		DF97E0961AAC146D00046135 /* Base */ = {isa = PBXFileReference; lastKnownFileType = file.xib; name = Base; path = Base.lproj/LaunchScreen.xib; sourceTree = "<group>"; };
		DF97E09C1AAC146E00046135 /* WrrantyMemoTests.xctest */ = {isa = PBXFileReference; explicitFileType = wrapper.cfbundle; includeInIndex = 0; path = WrrantyMemoTests.xctest; sourceTree = BUILT_PRODUCTS_DIR; };
		DF97E0A11AAC146E00046135 /* Info.plist */ = {isa = PBXFileReference; lastKnownFileType = text.plist.xml; path = Info.plist; sourceTree = "<group>"; };
		DF97E0A21AAC146E00046135 /* WrrantyMemoTests.m */ = {isa = PBXFileReference; lastKnownFileType = sourcecode.c.objc; path = WrrantyMemoTests.m; sourceTree = "<group>"; };
/* End PBXFileReference section */

/* Begin PBXFrameworksBuildPhase section */
		DF97E07D1AAC146D00046135 /* Frameworks */ = {
			isa = PBXFrameworksBuildPhase;
			buildActionMask = 2147483647;
			files = (
			);
			runOnlyForDeploymentPostprocessing = 0;
		};
		DF97E0991AAC146E00046135 /* Frameworks */ = {
			isa = PBXFrameworksBuildPhase;
			buildActionMask = 2147483647;
			files = (
			);
			runOnlyForDeploymentPostprocessing = 0;
		};
/* End PBXFrameworksBuildPhase section */

/* Begin PBXGroup section */
		DF97E0771AAC146D00046135 = {
			isa = PBXGroup;
			children = (
				DF97E0821AAC146D00046135 /* WrrantyMemo */,
				DF97E09F1AAC146E00046135 /* WrrantyMemoTests */,
				DF97E0811AAC146D00046135 /* Products */,
			);
			sourceTree = "<group>";
		};
		DF97E0811AAC146D00046135 /* Products */ = {
			isa = PBXGroup;
			children = (
				DF97E0801AAC146D00046135 /* WrrantyMemo.app */,
				DF97E09C1AAC146E00046135 /* WrrantyMemoTests.xctest */,
			);
			name = Products;
			sourceTree = "<group>";
		};
		DF97E0821AAC146D00046135 /* WrrantyMemo */ = {
			isa = PBXGroup;
			children = (
				DF97E0871AAC146D00046135 /* AppDelegate.h */,
				DF97E0881AAC146D00046135 /* AppDelegate.m */,
				DF97E08A1AAC146D00046135 /* MasterViewController.h */,
				DF97E08B1AAC146D00046135 /* MasterViewController.m */,
				DF97E08D1AAC146D00046135 /* DetailViewController.h */,
				DF97E08E1AAC146D00046135 /* DetailViewController.m */,
				DF97E0901AAC146D00046135 /* Main.storyboard */,
				DF97E0931AAC146D00046135 /* Images.xcassets */,
				DF97E0951AAC146D00046135 /* LaunchScreen.xib */,
				DF97E0831AAC146D00046135 /* Supporting Files */,
			);
			path = WrrantyMemo;
			sourceTree = "<group>";
		};
		DF97E0831AAC146D00046135 /* Supporting Files */ = {
			isa = PBXGroup;
			children = (
				DF97E0841AAC146D00046135 /* Info.plist */,
				DF97E0851AAC146D00046135 /* main.m */,
			);
			name = "Supporting Files";
			sourceTree = "<group>";
		};
		DF97E09F1AAC146E00046135 /* WrrantyMemoTests */ = {
			isa = PBXGroup;
			children = (
				DF97E0A21AAC146E00046135 /* WrrantyMemoTests.m */,
				DF97E0A01AAC146E00046135 /* Supporting Files */,
			);
			path = WrrantyMemoTests;
			sourceTree = "<group>";
		};
		DF97E0A01AAC146E00046135 /* Supporting Files */ = {
			isa = PBXGroup;
			children = (
				DF97E0A11AAC146E00046135 /* Info.plist */,
			);
			name = "Supporting Files";
			sourceTree = "<group>";
		};
/* End PBXGroup section */

/* Begin PBXNativeTarget section */
		DF97E07F1AAC146D00046135 /* WrrantyMemo */ = {
			isa = PBXNativeTarget;
			buildConfigurationList = DF97E0A61AAC146E00046135 /* Build configuration list for PBXNativeTarget "WrrantyMemo" */;
			buildPhases = (
				DF97E07C1AAC146D00046135 /* Sources */,
				DF97E07D1AAC146D00046135 /* Frameworks */,
				DF97E07E1AAC146D00046135 /* Resources */,
			);
			buildRules = (
			);
			dependencies = (
			);
			name = WrrantyMemo;
			productName = WrrantyMemo;
			productReference = DF97E0801AAC146D00046135 /* WrrantyMemo.app */;
			productType = "com.apple.product-type.application";
		};
		DF97E09B1AAC146E00046135 /* WrrantyMemoTests */ = {
			isa = PBXNativeTarget;
			buildConfigurationList = DF97E0A91AAC146E00046135 /* Build configuration list for PBXNativeTarget "WrrantyMemoTests" */;
			buildPhases = (
				DF97E0981AAC146E00046135 /* Sources */,
				DF97E0991AAC146E00046135 /* Frameworks */,
				DF97E09A1AAC146E00046135 /* Resources */,
			);
			buildRules = (
			);
			dependencies = (
				DF97E09E1AAC146E00046135 /* PBXTargetDependency */,
			);
			name = WrrantyMemoTests;
			productName = WrrantyMemoTests;
			productReference = DF97E09C1AAC146E00046135 /* WrrantyMemoTests.xctest */;
			productType = "com.apple.product-type.bundle.unit-test";
		};
/* End PBXNativeTarget section */

/* Begin PBXProject section */
		DF97E0781AAC146D00046135 /* Project object */ = {
			isa = PBXProject;
			attributes = {
				LastUpgradeCheck = 0610;
				ORGANIZATIONNAME = LifeisTech;
				TargetAttributes = {
					DF97E07F1AAC146D00046135 = {
						CreatedOnToolsVersion = 6.1.1;
					};
					DF97E09B1AAC146E00046135 = {
						CreatedOnToolsVersion = 6.1.1;
						TestTargetID = DF97E07F1AAC146D00046135;
					};
				};
			};
			buildConfigurationList = DF97E07B1AAC146D00046135 /* Build configuration list for PBXProject "WrrantyMemo" */;
			compatibilityVersion = "Xcode 3.2";
			developmentRegion = English;
			hasScannedForEncodings = 0;
			knownRegions = (
				en,
				Base,
			);
			mainGroup = DF97E0771AAC146D00046135;
			productRefGroup = DF97E0811AAC146D00046135 /* Products */;
			projectDirPath = "";
			projectRoot = "";
			targets = (
				DF97E07F1AAC146D00046135 /* WrrantyMemo */,
				DF97E09B1AAC146E00046135 /* WrrantyMemoTests */,
			);
		};
/* End PBXProject section */

/* Begin PBXResourcesBuildPhase section */
		DF97E07E1AAC146D00046135 /* Resources */ = {
			isa = PBXResourcesBuildPhase;
			buildActionMask = 2147483647;
			files = (
				DF97E0921AAC146D00046135 /* Main.storyboard in Resources */,
				DF97E0971AAC146D00046135 /* LaunchScreen.xib in Resources */,
				DF97E0941AAC146D00046135 /* Images.xcassets in Resources */,
			);
			runOnlyForDeploymentPostprocessing = 0;
		};
		DF97E09A1AAC146E00046135 /* Resources */ = {
			isa = PBXResourcesBuildPhase;
			buildActionMask = 2147483647;
			files = (
			);
			runOnlyForDeploymentPostprocessing = 0;
		};
/* End PBXResourcesBuildPhase section */

/* Begin PBXSourcesBuildPhase section */
		DF97E07C1AAC146D00046135 /* Sources */ = {
			isa = PBXSourcesBuildPhase;
			buildActionMask = 2147483647;
			files = (
				DF97E0891AAC146D00046135 /* AppDelegate.m in Sources */,
				DF97E08C1AAC146D00046135 /* MasterViewController.m in Sources */,
				DF97E0861AAC146D00046135 /* main.m in Sources */,
				DF97E08F1AAC146D00046135 /* DetailViewController.m in Sources */,
			);
			runOnlyForDeploymentPostprocessing = 0;
		};
		DF97E0981AAC146E00046135 /* Sources */ = {
			isa = PBXSourcesBuildPhase;
			buildActionMask = 2147483647;
			files = (
				DF97E0A31AAC146E00046135 /* WrrantyMemoTests.m in Sources */,
			);
			runOnlyForDeploymentPostprocessing = 0;
		};
/* End PBXSourcesBuildPhase section */

/* Begin PBXTargetDependency section */
		DF97E09E1AAC146E00046135 /* PBXTargetDependency */ = {
			isa = PBXTargetDependency;
			target = DF97E07F1AAC146D00046135 /* WrrantyMemo */;
			targetProxy = DF97E09D1AAC146E00046135 /* PBXContainerItemProxy */;
		};
/* End PBXTargetDependency section */

/* Begin PBXVariantGroup section */
		DF97E0901AAC146D00046135 /* Main.storyboard */ = {
			isa = PBXVariantGroup;
			children = (
				DF97E0911AAC146D00046135 /* Base */,
			);
			name = Main.storyboard;
			sourceTree = "<group>";
		};
		DF97E0951AAC146D00046135 /* LaunchScreen.xib */ = {
			isa = PBXVariantGroup;
			children = (
				DF97E0961AAC146D00046135 /* Base */,
			);
			name = LaunchScreen.xib;
			sourceTree = "<group>";
		};
/* End PBXVariantGroup section */

/* Begin XCBuildConfiguration section */
		DF97E0A41AAC146E00046135 /* Debug */ = {
			isa = XCBuildConfiguration;
			buildSettings = {
				ALWAYS_SEARCH_USER_PATHS = NO;
				CLANG_CXX_LANGUAGE_STANDARD = "gnu++0x";
				CLANG_CXX_LIBRARY = "libc++";
				CLANG_ENABLE_MODULES = YES;
				CLANG_ENABLE_OBJC_ARC = YES;
				CLANG_WARN_BOOL_CONVERSION = YES;
				CLANG_WARN_CONSTANT_CONVERSION = YES;
				CLANG_WARN_DIRECT_OBJC_ISA_USAGE = YES_ERROR;
				CLANG_WARN_EMPTY_BODY = YES;
				CLANG_WARN_ENUM_CONVERSION = YES;
				CLANG_WARN_INT_CONVERSION = YES;
				CLANG_WARN_OBJC_ROOT_CLASS = YES_ERROR;
				CLANG_WARN_UNREACHABLE_CODE = YES;
				CLANG_WARN__DUPLICATE_METHOD_MATCH = YES;
				"CODE_SIGN_IDENTITY[sdk=iphoneos*]" = "iPhone Developer";
				COPY_PHASE_STRIP = NO;
				ENABLE_STRICT_OBJC_MSGSEND = YES;
				GCC_C_LANGUAGE_STANDARD = gnu99;
				GCC_DYNAMIC_NO_PIC = NO;
				GCC_OPTIMIZATION_LEVEL = 0;
				GCC_PREPROCESSOR_DEFINITIONS = (
					"DEBUG=1",
					"$(inherited)",
				);
				GCC_SYMBOLS_PRIVATE_EXTERN = NO;
				GCC_WARN_64_TO_32_BIT_CONVERSION = YES;
				GCC_WARN_ABOUT_RETURN_TYPE = YES_ERROR;
				GCC_WARN_UNDECLARED_SELECTOR = YES;
				GCC_WARN_UNINITIALIZED_AUTOS = YES_AGGRESSIVE;
				GCC_WARN_UNUSED_FUNCTION = YES;
				GCC_WARN_UNUSED_VARIABLE = YES;
				IPHONEOS_DEPLOYMENT_TARGET = 8.1;
				MTL_ENABLE_DEBUG_INFO = YES;
				ONLY_ACTIVE_ARCH = YES;
				SDKROOT = iphoneos;
			};
			name = Debug;
		};
		DF97E0A51AAC146E00046135 /* Release */ = {
			isa = XCBuildConfiguration;
			buildSettings = {
				ALWAYS_SEARCH_USER_PATHS = NO;
				CLANG_CXX_LANGUAGE_STANDARD = "gnu++0x";
				CLANG_CXX_LIBRARY = "libc++";
				CLANG_ENABLE_MODULES = YES;
				CLANG_ENABLE_OBJC_ARC = YES;
				CLANG_WARN_BOOL_CONVERSION = YES;
				CLANG_WARN_CONSTANT_CONVERSION = YES;
				CLANG_WARN_DIRECT_OBJC_ISA_USAGE = YES_ERROR;
				CLANG_WARN_EMPTY_BODY = YES;
				CLANG_WARN_ENUM_CONVERSION = YES;
				CLANG_WARN_INT_CONVERSION = YES;
				CLANG_WARN_OBJC_ROOT_CLASS = YES_ERROR;
				CLANG_WARN_UNREACHABLE_CODE = YES;
				CLANG_WARN__DUPLICATE_METHOD_MATCH = YES;
				"CODE_SIGN_IDENTITY[sdk=iphoneos*]" = "iPhone Developer";
				COPY_PHASE_STRIP = YES;
				ENABLE_NS_ASSERTIONS = NO;
				ENABLE_STRICT_OBJC_MSGSEND = YES;
				GCC_C_LANGUAGE_STANDARD = gnu99;
				GCC_WARN_64_TO_32_BIT_CONVERSION = YES;
				GCC_WARN_ABOUT_RETURN_TYPE = YES_ERROR;
				GCC_WARN_UNDECLARED_SELECTOR = YES;
				GCC_WARN_UNINITIALIZED_AUTOS = YES_AGGRESSIVE;
				GCC_WARN_UNUSED_FUNCTION = YES;
				GCC_WARN_UNUSED_VARIABLE = YES;
				IPHONEOS_DEPLOYMENT_TARGET = 8.1;
				MTL_ENABLE_DEBUG_INFO = NO;
				SDKROOT = iphoneos;
				VALIDATE_PRODUCT = YES;
			};
			name = Release;
		};
		DF97E0A71AAC146E00046135 /* Debug */ = {
			isa = XCBuildConfiguration;
			buildSettings = {
				ASSETCATALOG_COMPILER_APPICON_NAME = AppIcon;
				INFOPLIST_FILE = WrrantyMemo/Info.plist;
				LD_RUNPATH_SEARCH_PATHS = "$(inherited) @executable_path/Frameworks";
				PRODUCT_NAME = "$(TARGET_NAME)";
			};
			name = Debug;
		};
		DF97E0A81AAC146E00046135 /* Release */ = {
			isa = XCBuildConfiguration;
			buildSettings = {
				ASSETCATALOG_COMPILER_APPICON_NAME = AppIcon;
				INFOPLIST_FILE = WrrantyMemo/Info.plist;
				LD_RUNPATH_SEARCH_PATHS = "$(inherited) @executable_path/Frameworks";
				PRODUCT_NAME = "$(TARGET_NAME)";
			};
			name = Release;
		};
		DF97E0AA1AAC146E00046135 /* Debug */ = {
			isa = XCBuildConfiguration;
			buildSettings = {
				BUNDLE_LOADER = "$(TEST_HOST)";
				FRAMEWORK_SEARCH_PATHS = (
					"$(SDKROOT)/Developer/Library/Frameworks",
					"$(inherited)",
				);
				GCC_PREPROCESSOR_DEFINITIONS = (
					"DEBUG=1",
					"$(inherited)",
				);
				INFOPLIST_FILE = WrrantyMemoTests/Info.plist;
				LD_RUNPATH_SEARCH_PATHS = "$(inherited) @executable_path/Frameworks @loader_path/Frameworks";
				PRODUCT_NAME = "$(TARGET_NAME)";
				TEST_HOST = "$(BUILT_PRODUCTS_DIR)/WrrantyMemo.app/WrrantyMemo";
			};
			name = Debug;
		};
		DF97E0AB1AAC146E00046135 /* Release */ = {
			isa = XCBuildConfiguration;
			buildSettings = {
				BUNDLE_LOADER = "$(TEST_HOST)";
				FRAMEWORK_SEARCH_PATHS = (
					"$(SDKROOT)/Developer/Library/Frameworks",
					"$(inherited)",
				);
				INFOPLIST_FILE = WrrantyMemoTests/Info.plist;
				LD_RUNPATH_SEARCH_PATHS = "$(inherited) @executable_path/Frameworks @loader_path/Frameworks";
				PRODUCT_NAME = "$(TARGET_NAME)";
				TEST_HOST = "$(BUILT_PRODUCTS_DIR)/WrrantyMemo.app/WrrantyMemo";
			};
			name = Release;
		};
/* End XCBuildConfiguration section */

/* Begin XCConfigurationList section */
		DF97E07B1AAC146D00046135 /* Build configuration list for PBXProject "WrrantyMemo" */ = {
			isa = XCConfigurationList;
			buildConfigurations = (
				DF97E0A41AAC146E00046135 /* Debug */,
				DF97E0A51AAC146E00046135 /* Release */,
			);
			defaultConfigurationIsVisible = 0;
			defaultConfigurationName = Release;
		};
		DF97E0A61AAC146E00046135 /* Build configuration list for PBXNativeTarget "WrrantyMemo" */ = {
			isa = XCConfigurationList;
			buildConfigurations = (
				DF97E0A71AAC146E00046135 /* Debug */,
				DF97E0A81AAC146E00046135 /* Release */,
			);
			defaultConfigurationIsVisible = 0;
		};
		DF97E0A91AAC146E00046135 /* Build configuration list for PBXNativeTarget "WrrantyMemoTests" */ = {
			isa = XCConfigurationList;
			buildConfigurations = (
				DF97E0AA1AAC146E00046135 /* Debug */,
				DF97E0AB1AAC146E00046135 /* Release */,
			);
			defaultConfigurationIsVisible = 0;
		};
/* End XCConfigurationList section */
	};
	rootObject = DF97E0781AAC146D00046135 /* Project object */;
}
